
Microsoft Visual Studio Solution File, Format Version 12.00
# Visual Studio Version 16
VisualStudioVersion = 16.0.30907.101
MinimumVisualStudioVersion = 10.0.40219.1
Project("{FAE04EC0-301F-11D3-BF4B-00C04F79EFBC}") = "InterfaceAbstractDemo", "InterfaceAbstractDemo\InterfaceAbstractDemo.csproj", "{02702012-8C35-480D-8E2F-B31DD5D0D452}"
EndProject
Global
	GlobalSection(SolutionConfigurationPlatforms) = preSolution
		Debug|Any CPU = Debug|Any CPU
		Release|Any CPU = Release|Any CPU
	EndGlobalSection
	GlobalSection(ProjectConfigurationPlatforms) = postSolution
		{02702012-8C35-480D-8E2F-B31DD5D0D452}.Debug|Any CPU.ActiveCfg = Debug|Any CPU
		{02702012-8C35-480D-8E2F-B31DD5D0D452}.Debug|Any CPU.Build.0 = Debug|Any CPU
		{02702012-8C35-480D-8E2F-B31DD5D0D452}.Release|Any CPU.ActiveCfg = Release|Any CPU
		{02702012-8C35-480D-8E2F-B31DD5D0D452}.Release|Any CPU.Build.0 = Release|Any CPU
	EndGlobalSection
	GlobalSection(SolutionProperties) = preSolution
		HideSolutionNode = FALSE
	EndGlobalSection
	GlobalSection(ExtensibilityGlobals) = postSolution
		SolutionGuid = {51545D39-F982-4658-9557-E3AD5C4FAF19}
	EndGlobalSection
EndGlobal
